
Microsoft Visual Studio Solution File, Format Version 12.00
# Visual Studio 14
VisualStudioVersion = 14.0.25420.1
MinimumVisualStudioVersion = 10.0.40219.1
Project("{FAE04EC0-301F-11D3-BF4B-00C04F79EFBC}") = "Adventure Works", "Adventure Works\Adventure Works.csproj", "{2D5A75B4-66D1-4667-AC01-47867E8789FC}"
EndProject
Global
	GlobalSection(SolutionConfigurationPlatforms) = preSolution
		Debug (Anniversary Update)|Any CPU = Debug (Anniversary Update)|Any CPU
		Debug (Anniversary Update)|ARM = Debug (Anniversary Update)|ARM
		Debug (Anniversary Update)|x64 = Debug (Anniversary Update)|x64
		Debug (Anniversary Update)|x86 = Debug (Anniversary Update)|x86
		Debug (Version 1511)|Any CPU = Debug (Version 1511)|Any CPU
		Debug (Version 1511)|ARM = Debug (Version 1511)|ARM
		Debug (Version 1511)|x64 = Debug (Version 1511)|x64
		Debug (Version 1511)|x86 = Debug (Version 1511)|x86
		Debug|Any CPU = Debug|Any CPU
		Debug|ARM = Debug|ARM
		Debug|x64 = Debug|x64
		Debug|x86 = Debug|x86
		Release (Anniversary Update)|Any CPU = Release (Anniversary Update)|Any CPU
		Release (Anniversary Update)|ARM = Release (Anniversary Update)|ARM
		Release (Anniversary Update)|x64 = Release (Anniversary Update)|x64
		Release (Anniversary Update)|x86 = Release (Anniversary Update)|x86
		Release (Version 1511)|Any CPU = Release (Version 1511)|Any CPU
		Release (Version 1511)|ARM = Release (Version 1511)|ARM
		Release (Version 1511)|x64 = Release (Version 1511)|x64
		Release (Version 1511)|x86 = Release (Version 1511)|x86
		Release|Any CPU = Release|Any CPU
		Release|ARM = Release|ARM
		Release|x64 = Release|x64
		Release|x86 = Release|x86
	EndGlobalSection
	GlobalSection(ProjectConfigurationPlatforms) = postSolution
		{2D5A75B4-66D1-4667-AC01-47867E8789FC}.Debug (Anniversary Update)|Any CPU.ActiveCfg = Release|x64
		{2D5A75B4-66D1-4667-AC01-47867E8789FC}.Debug (Anniversary Update)|Any CPU.Build.0 = Release|x64
		{2D5A75B4-66D1-4667-AC01-47867E8789FC}.Debug (Anniversary Update)|Any CPU.Deploy.0 = Release|x64
		{2D5A75B4-66D1-4667-AC01-47867E8789FC}.Debug (Anniversary Update)|ARM.ActiveCfg = Debug|ARM
		{2D5A75B4-66D1-4667-AC01-47867E8789FC}.Debug (Anniversary Update)|ARM.Build.0 = Debug|ARM
		{2D5A75B4-66D1-4667-AC01-47867E8789FC}.Debug (Anniversary Update)|ARM.Deploy.0 = Debug|ARM
		{2D5A75B4-66D1-4667-AC01-47867E8789FC}.Debug (Anniversary Update)|x64.ActiveCfg = Debug|x64
		{2D5A75B4-66D1-4667-AC01-47867E8789FC}.Debug (Anniversary Update)|x64.Build.0 = Debug|x64
		{2D5A75B4-66D1-4667-AC01-47867E8789FC}.Debug (Anniversary Update)|x64.Deploy.0 = Debug|x64
		{2D5A75B4-66D1-4667-AC01-47867E8789FC}.Debug (Anniversary Update)|x86.ActiveCfg = Debug|x86
		{2D5A75B4-66D1-4667-AC01-47867E8789FC}.Debug (Anniversary Update)|x86.Build.0 = Debug|x86
		{2D5A75B4-66D1-4667-AC01-47867E8789FC}.Debug (Anniversary Update)|x86.Deploy.0 = Debug|x86
		{2D5A75B4-66D1-4667-AC01-47867E8789FC}.Debug (Version 1511)|Any CPU.ActiveCfg = Release|x64
		{2D5A75B4-66D1-4667-AC01-47867E8789FC}.Debug (Version 1511)|Any CPU.Build.0 = Release|x64
		{2D5A75B4-66D1-4667-AC01-47867E8789FC}.Debug (Version 1511)|Any CPU.Deploy.0 = Release|x64
		{2D5A75B4-66D1-4667-AC01-47867E8789FC}.Debug (Version 1511)|ARM.ActiveCfg = Debug|ARM
		{2D5A75B4-66D1-4667-AC01-47867E8789FC}.Debug (Version 1511)|ARM.Build.0 = Debug|ARM
		{2D5A75B4-66D1-4667-AC01-47867E8789FC}.Debug (Version 1511)|ARM.Deploy.0 = Debug|ARM
		{2D5A75B4-66D1-4667-AC01-47867E8789FC}.Debug (Version 1511)|x64.ActiveCfg = Debug|x64
		{2D5A75B4-66D1-4667-AC01-47867E8789FC}.Debug (Version 1511)|x64.Build.0 = Debug|x64
		{2D5A75B4-66D1-4667-AC01-47867E8789FC}.Debug (Version 1511)|x64.Deploy.0 = Debug|x64
		{2D5A75B4-66D1-4667-AC01-47867E8789FC}.Debug (Version 1511)|x86.ActiveCfg = Debug|x86
		{2D5A75B4-66D1-4667-AC01-47867E8789FC}.Debug (Version 1511)|x86.Build.0 = Debug|x86
		{2D5A75B4-66D1-4667-AC01-47867E8789FC}.Debug (Version 1511)|x86.Deploy.0 = Debug|x86
		{2D5A75B4-66D1-4667-AC01-47867E8789FC}.Debug|Any CPU.ActiveCfg = Debug|x86
		{2D5A75B4-66D1-4667-AC01-47867E8789FC}.Debug|ARM.ActiveCfg = Debug|ARM
		{2D5A75B4-66D1-4667-AC01-47867E8789FC}.Debug|ARM.Build.0 = Debug|ARM
		{2D5A75B4-66D1-4667-AC01-47867E8789FC}.Debug|ARM.Deploy.0 = Debug|ARM
		{2D5A75B4-66D1-4667-AC01-47867E8789FC}.Debug|x64.ActiveCfg = Debug|x64
		{2D5A75B4-66D1-4667-AC01-47867E8789FC}.Debug|x64.Build.0 = Debug|x64
		{2D5A75B4-66D1-4667-AC01-47867E8789FC}.Debug|x64.Deploy.0 = Debug|x64
		{2D5A75B4-66D1-4667-AC01-47867E8789FC}.Debug|x86.ActiveCfg = Debug|x86
		{2D5A75B4-66D1-4667-AC01-47867E8789FC}.Debug|x86.Build.0 = Debug|x86
		{2D5A75B4-66D1-4667-AC01-47867E8789FC}.Debug|x86.Deploy.0 = Debug|x86
		{2D5A75B4-66D1-4667-AC01-47867E8789FC}.Release (Anniversary Update)|Any CPU.ActiveCfg = Release|x64
		{2D5A75B4-66D1-4667-AC01-47867E8789FC}.Release (Anniversary Update)|Any CPU.Build.0 = Release|x64
		{2D5A75B4-66D1-4667-AC01-47867E8789FC}.Release (Anniversary Update)|Any CPU.Deploy.0 = Release|x64
		{2D5A75B4-66D1-4667-AC01-47867E8789FC}.Release (Anniversary Update)|ARM.ActiveCfg = Release|ARM
		{2D5A75B4-66D1-4667-AC01-47867E8789FC}.Release (Anniversary Update)|ARM.Build.0 = Release|ARM
		{2D5A75B4-66D1-4667-AC01-47867E8789FC}.Release (Anniversary Update)|ARM.Deploy.0 = Release|ARM
		{2D5A75B4-66D1-4667-AC01-47867E8789FC}.Release (Anniversary Update)|x64.ActiveCfg = Release|x64
		{2D5A75B4-66D1-4667-AC01-47867E8789FC}.Release (Anniversary Update)|x64.Build.0 = Release|x64
		{2D5A75B4-66D1-4667-AC01-47867E8789FC}.Release (Anniversary Update)|x64.Deploy.0 = Release|x64
		{2D5A75B4-66D1-4667-AC01-47867E8789FC}.Release (Anniversary Update)|x86.ActiveCfg = Release|x86
		{2D5A75B4-66D1-4667-AC01-47867E8789FC}.Release (Anniversary Update)|x86.Build.0 = Release|x86
		{2D5A75B4-66D1-4667-AC01-47867E8789FC}.Release (Anniversary Update)|x86.Deploy.0 = Release|x86
		{2D5A75B4-66D1-4667-AC01-47867E8789FC}.Release (Version 1511)|Any CPU.ActiveCfg = Release|x64
		{2D5A75B4-66D1-4667-AC01-47867E8789FC}.Release (Version 1511)|Any CPU.Build.0 = Release|x64
		{2D5A75B4-66D1-4667-AC01-47867E8789FC}.Release (Version 1511)|Any CPU.Deploy.0 = Release|x64
		{2D5A75B4-66D1-4667-AC01-47867E8789FC}.Release (Version 1511)|ARM.ActiveCfg = Release|ARM
		{2D5A75B4-66D1-4667-AC01-47867E8789FC}.Release (Version 1511)|ARM.Build.0 = Release|ARM
		{2D5A75B4-66D1-4667-AC01-47867E8789FC}.Release (Version 1511)|ARM.Deploy.0 = Release|ARM
		{2D5A75B4-66D1-4667-AC01-47867E8789FC}.Release (Version 1511)|x64.ActiveCfg = Release|x64
		{2D5A75B4-66D1-4667-AC01-47867E8789FC}.Release (Version 1511)|x64.Build.0 = Release|x64
		{2D5A75B4-66D1-4667-AC01-47867E8789FC}.Release (Version 1511)|x64.Deploy.0 = Release|x64
		{2D5A75B4-66D1-4667-AC01-47867E8789FC}.Release (Version 1511)|x86.ActiveCfg = Release|x86
		{2D5A75B4-66D1-4667-AC01-47867E8789FC}.Release (Version 1511)|x86.Build.0 = Release|x86
		{2D5A75B4-66D1-4667-AC01-47867E8789FC}.Release (Version 1511)|x86.Deploy.0 = Release|x86
		{2D5A75B4-66D1-4667-AC01-47867E8789FC}.Release|Any CPU.ActiveCfg = Release|x86
		{2D5A75B4-66D1-4667-AC01-47867E8789FC}.Release|ARM.ActiveCfg = Release|ARM
		{2D5A75B4-66D1-4667-AC01-47867E8789FC}.Release|ARM.Build.0 = Release|ARM
		{2D5A75B4-66D1-4667-AC01-47867E8789FC}.Release|ARM.Deploy.0 = Release|ARM
		{2D5A75B4-66D1-4667-AC01-47867E8789FC}.Release|x64.ActiveCfg = Release|x64
		{2D5A75B4-66D1-4667-AC01-47867E8789FC}.Release|x64.Build.0 = Release|x64
		{2D5A75B4-66D1-4667-AC01-47867E8789FC}.Release|x64.Deploy.0 = Release|x64
		{2D5A75B4-66D1-4667-AC01-47867E8789FC}.Release|x86.ActiveCfg = Release|x86
		{2D5A75B4-66D1-4667-AC01-47867E8789FC}.Release|x86.Build.0 = Release|x86
		{2D5A75B4-66D1-4667-AC01-47867E8789FC}.Release|x86.Deploy.0 = Release|x86
	EndGlobalSection
	GlobalSection(SolutionProperties) = preSolution
		HideSolutionNode = FALSE
	EndGlobalSection
EndGlobal
