
Microsoft Visual Studio Solution File, Format Version 12.00
# Visual Studio 2015
Project("{FAE04EC0-301F-11D3-BF4B-00C04F79EFBC}") = "ShuttleExplorer.Unity.CSharp.Plugins", "ShuttleExplorer.Unity.CSharp.Plugins.csproj", "{2A56C845-44CE-CC3B-034A-F2ACA9D886A5}"
EndProject
Project("{FAE04EC0-301F-11D3-BF4B-00C04F79EFBC}") = "ShuttleExplorer.Unity.CSharp", "ShuttleExplorer.Unity.CSharp.csproj", "{C198E2BD-BDCA-339F-0536-E037BC5FF591}"
EndProject
Global
	GlobalSection(SolutionConfigurationPlatforms) = preSolution
		Debug|Any CPU = Debug|Any CPU
		Release|Any CPU = Release|Any CPU
	EndGlobalSection
	GlobalSection(ProjectConfigurationPlatforms) = postSolution
		{2A56C845-44CE-CC3B-034A-F2ACA9D886A5}.Debug|Any CPU.ActiveCfg = Debug|Any CPU
		{2A56C845-44CE-CC3B-034A-F2ACA9D886A5}.Debug|Any CPU.Build.0 = Debug|Any CPU
		{2A56C845-44CE-CC3B-034A-F2ACA9D886A5}.Release|Any CPU.ActiveCfg = Release|Any CPU
		{2A56C845-44CE-CC3B-034A-F2ACA9D886A5}.Release|Any CPU.Build.0 = Release|Any CPU
		{C198E2BD-BDCA-339F-0536-E037BC5FF591}.Debug|Any CPU.ActiveCfg = Debug|Any CPU
		{C198E2BD-BDCA-339F-0536-E037BC5FF591}.Debug|Any CPU.Build.0 = Debug|Any CPU
		{C198E2BD-BDCA-339F-0536-E037BC5FF591}.Release|Any CPU.ActiveCfg = Release|Any CPU
		{C198E2BD-BDCA-339F-0536-E037BC5FF591}.Release|Any CPU.Build.0 = Release|Any CPU
	EndGlobalSection
	GlobalSection(SolutionProperties) = preSolution
		HideSolutionNode = FALSE
	EndGlobalSection
EndGlobal
