
Microsoft Visual Studio Solution File, Format Version 12.00
# Visual Studio 15
VisualStudioVersion = 15.0.27130.0
MinimumVisualStudioVersion = 10.0.40219.1
Project("{FAE04EC0-301F-11D3-BF4B-00C04F79EFBC}") = "music_appService", "music_appService\music_appService.csproj", "{209FA716-A7AD-4095-BD70-C8710FC66FA7}"
EndProject
Project("{2150E333-8FDC-42A3-9474-1A3956D46DE8}") = "Cloud", "Cloud", "{7B6CE4F9-C05F-4542-A02E-9967A8D48BC7}"
EndProject
Project("{2150E333-8FDC-42A3-9474-1A3956D46DE8}") = "Shared", "Shared", "{C5231D31-DD3A-4609-B9C8-8C8DDEB13E2C}"
EndProject
Project("{FAE04EC0-301F-11D3-BF4B-00C04F79EFBC}") = "Music.UWP", "Music.UWP\Music.UWP.csproj", "{D41BAF88-3AB0-4B6E-8EF1-3C8327373F5C}"
EndProject
Project("{FAE04EC0-301F-11D3-BF4B-00C04F79EFBC}") = "Music.tvOS", "Music.tvOS\Music.tvOS.csproj", "{A1287FD3-558E-4C19-A1B0-26400077D510}"
EndProject
Project("{FAE04EC0-301F-11D3-BF4B-00C04F79EFBC}") = "Music.Shared", "Music.Shared\Music.Shared.csproj", "{673367A4-E7B7-4887-9F0A-31E12903279C}"
EndProject
Global
	GlobalSection(SolutionConfigurationPlatforms) = preSolution
		Ad-Hoc|Any CPU = Ad-Hoc|Any CPU
		Ad-Hoc|ARM = Ad-Hoc|ARM
		Ad-Hoc|iPhone = Ad-Hoc|iPhone
		Ad-Hoc|iPhoneSimulator = Ad-Hoc|iPhoneSimulator
		Ad-Hoc|x64 = Ad-Hoc|x64
		Ad-Hoc|x86 = Ad-Hoc|x86
		AppStore|Any CPU = AppStore|Any CPU
		AppStore|ARM = AppStore|ARM
		AppStore|iPhone = AppStore|iPhone
		AppStore|iPhoneSimulator = AppStore|iPhoneSimulator
		AppStore|x64 = AppStore|x64
		AppStore|x86 = AppStore|x86
		Debug|Any CPU = Debug|Any CPU
		Debug|ARM = Debug|ARM
		Debug|iPhone = Debug|iPhone
		Debug|iPhoneSimulator = Debug|iPhoneSimulator
		Debug|x64 = Debug|x64
		Debug|x86 = Debug|x86
		Release|Any CPU = Release|Any CPU
		Release|ARM = Release|ARM
		Release|iPhone = Release|iPhone
		Release|iPhoneSimulator = Release|iPhoneSimulator
		Release|x64 = Release|x64
		Release|x86 = Release|x86
	EndGlobalSection
	GlobalSection(ProjectConfigurationPlatforms) = postSolution
		{209FA716-A7AD-4095-BD70-C8710FC66FA7}.Ad-Hoc|Any CPU.ActiveCfg = Release|Any CPU
		{209FA716-A7AD-4095-BD70-C8710FC66FA7}.Ad-Hoc|Any CPU.Build.0 = Release|Any CPU
		{209FA716-A7AD-4095-BD70-C8710FC66FA7}.Ad-Hoc|ARM.ActiveCfg = Release|Any CPU
		{209FA716-A7AD-4095-BD70-C8710FC66FA7}.Ad-Hoc|ARM.Build.0 = Release|Any CPU
		{209FA716-A7AD-4095-BD70-C8710FC66FA7}.Ad-Hoc|iPhone.ActiveCfg = Release|Any CPU
		{209FA716-A7AD-4095-BD70-C8710FC66FA7}.Ad-Hoc|iPhone.Build.0 = Release|Any CPU
		{209FA716-A7AD-4095-BD70-C8710FC66FA7}.Ad-Hoc|iPhoneSimulator.ActiveCfg = Release|Any CPU
		{209FA716-A7AD-4095-BD70-C8710FC66FA7}.Ad-Hoc|iPhoneSimulator.Build.0 = Release|Any CPU
		{209FA716-A7AD-4095-BD70-C8710FC66FA7}.Ad-Hoc|x64.ActiveCfg = Release|Any CPU
		{209FA716-A7AD-4095-BD70-C8710FC66FA7}.Ad-Hoc|x64.Build.0 = Release|Any CPU
		{209FA716-A7AD-4095-BD70-C8710FC66FA7}.Ad-Hoc|x86.ActiveCfg = Release|Any CPU
		{209FA716-A7AD-4095-BD70-C8710FC66FA7}.Ad-Hoc|x86.Build.0 = Release|Any CPU
		{209FA716-A7AD-4095-BD70-C8710FC66FA7}.AppStore|Any CPU.ActiveCfg = Release|Any CPU
		{209FA716-A7AD-4095-BD70-C8710FC66FA7}.AppStore|Any CPU.Build.0 = Release|Any CPU
		{209FA716-A7AD-4095-BD70-C8710FC66FA7}.AppStore|ARM.ActiveCfg = Release|Any CPU
		{209FA716-A7AD-4095-BD70-C8710FC66FA7}.AppStore|ARM.Build.0 = Release|Any CPU
		{209FA716-A7AD-4095-BD70-C8710FC66FA7}.AppStore|iPhone.ActiveCfg = Release|Any CPU
		{209FA716-A7AD-4095-BD70-C8710FC66FA7}.AppStore|iPhone.Build.0 = Release|Any CPU
		{209FA716-A7AD-4095-BD70-C8710FC66FA7}.AppStore|iPhoneSimulator.ActiveCfg = Release|Any CPU
		{209FA716-A7AD-4095-BD70-C8710FC66FA7}.AppStore|iPhoneSimulator.Build.0 = Release|Any CPU
		{209FA716-A7AD-4095-BD70-C8710FC66FA7}.AppStore|x64.ActiveCfg = Release|Any CPU
		{209FA716-A7AD-4095-BD70-C8710FC66FA7}.AppStore|x64.Build.0 = Release|Any CPU
		{209FA716-A7AD-4095-BD70-C8710FC66FA7}.AppStore|x86.ActiveCfg = Release|Any CPU
		{209FA716-A7AD-4095-BD70-C8710FC66FA7}.AppStore|x86.Build.0 = Release|Any CPU
		{209FA716-A7AD-4095-BD70-C8710FC66FA7}.Debug|Any CPU.ActiveCfg = Debug|Any CPU
		{209FA716-A7AD-4095-BD70-C8710FC66FA7}.Debug|Any CPU.Build.0 = Debug|Any CPU
		{209FA716-A7AD-4095-BD70-C8710FC66FA7}.Debug|ARM.ActiveCfg = Debug|Any CPU
		{209FA716-A7AD-4095-BD70-C8710FC66FA7}.Debug|ARM.Build.0 = Debug|Any CPU
		{209FA716-A7AD-4095-BD70-C8710FC66FA7}.Debug|iPhone.ActiveCfg = Debug|Any CPU
		{209FA716-A7AD-4095-BD70-C8710FC66FA7}.Debug|iPhone.Build.0 = Debug|Any CPU
		{209FA716-A7AD-4095-BD70-C8710FC66FA7}.Debug|iPhoneSimulator.ActiveCfg = Debug|Any CPU
		{209FA716-A7AD-4095-BD70-C8710FC66FA7}.Debug|iPhoneSimulator.Build.0 = Debug|Any CPU
		{209FA716-A7AD-4095-BD70-C8710FC66FA7}.Debug|x64.ActiveCfg = Debug|Any CPU
		{209FA716-A7AD-4095-BD70-C8710FC66FA7}.Debug|x64.Build.0 = Debug|Any CPU
		{209FA716-A7AD-4095-BD70-C8710FC66FA7}.Debug|x86.ActiveCfg = Debug|Any CPU
		{209FA716-A7AD-4095-BD70-C8710FC66FA7}.Debug|x86.Build.0 = Debug|Any CPU
		{209FA716-A7AD-4095-BD70-C8710FC66FA7}.Release|Any CPU.ActiveCfg = Release|Any CPU
		{209FA716-A7AD-4095-BD70-C8710FC66FA7}.Release|Any CPU.Build.0 = Release|Any CPU
		{209FA716-A7AD-4095-BD70-C8710FC66FA7}.Release|ARM.ActiveCfg = Release|Any CPU
		{209FA716-A7AD-4095-BD70-C8710FC66FA7}.Release|ARM.Build.0 = Release|Any CPU
		{209FA716-A7AD-4095-BD70-C8710FC66FA7}.Release|iPhone.ActiveCfg = Release|Any CPU
		{209FA716-A7AD-4095-BD70-C8710FC66FA7}.Release|iPhone.Build.0 = Release|Any CPU
		{209FA716-A7AD-4095-BD70-C8710FC66FA7}.Release|iPhoneSimulator.ActiveCfg = Release|Any CPU
		{209FA716-A7AD-4095-BD70-C8710FC66FA7}.Release|iPhoneSimulator.Build.0 = Release|Any CPU
		{209FA716-A7AD-4095-BD70-C8710FC66FA7}.Release|x64.ActiveCfg = Release|Any CPU
		{209FA716-A7AD-4095-BD70-C8710FC66FA7}.Release|x64.Build.0 = Release|Any CPU
		{209FA716-A7AD-4095-BD70-C8710FC66FA7}.Release|x86.ActiveCfg = Release|Any CPU
		{209FA716-A7AD-4095-BD70-C8710FC66FA7}.Release|x86.Build.0 = Release|Any CPU
		{D41BAF88-3AB0-4B6E-8EF1-3C8327373F5C}.Ad-Hoc|Any CPU.ActiveCfg = Release|x64
		{D41BAF88-3AB0-4B6E-8EF1-3C8327373F5C}.Ad-Hoc|Any CPU.Build.0 = Release|x64
		{D41BAF88-3AB0-4B6E-8EF1-3C8327373F5C}.Ad-Hoc|Any CPU.Deploy.0 = Release|x64
		{D41BAF88-3AB0-4B6E-8EF1-3C8327373F5C}.Ad-Hoc|ARM.ActiveCfg = Release|ARM
		{D41BAF88-3AB0-4B6E-8EF1-3C8327373F5C}.Ad-Hoc|ARM.Build.0 = Release|ARM
		{D41BAF88-3AB0-4B6E-8EF1-3C8327373F5C}.Ad-Hoc|ARM.Deploy.0 = Release|ARM
		{D41BAF88-3AB0-4B6E-8EF1-3C8327373F5C}.Ad-Hoc|iPhone.ActiveCfg = Release|x64
		{D41BAF88-3AB0-4B6E-8EF1-3C8327373F5C}.Ad-Hoc|iPhone.Build.0 = Release|x64
		{D41BAF88-3AB0-4B6E-8EF1-3C8327373F5C}.Ad-Hoc|iPhone.Deploy.0 = Release|x64
		{D41BAF88-3AB0-4B6E-8EF1-3C8327373F5C}.Ad-Hoc|iPhoneSimulator.ActiveCfg = Release|x64
		{D41BAF88-3AB0-4B6E-8EF1-3C8327373F5C}.Ad-Hoc|iPhoneSimulator.Build.0 = Release|x64
		{D41BAF88-3AB0-4B6E-8EF1-3C8327373F5C}.Ad-Hoc|iPhoneSimulator.Deploy.0 = Release|x64
		{D41BAF88-3AB0-4B6E-8EF1-3C8327373F5C}.Ad-Hoc|x64.ActiveCfg = Release|x64
		{D41BAF88-3AB0-4B6E-8EF1-3C8327373F5C}.Ad-Hoc|x64.Build.0 = Release|x64
		{D41BAF88-3AB0-4B6E-8EF1-3C8327373F5C}.Ad-Hoc|x64.Deploy.0 = Release|x64
		{D41BAF88-3AB0-4B6E-8EF1-3C8327373F5C}.Ad-Hoc|x86.ActiveCfg = Release|x86
		{D41BAF88-3AB0-4B6E-8EF1-3C8327373F5C}.Ad-Hoc|x86.Build.0 = Release|x86
		{D41BAF88-3AB0-4B6E-8EF1-3C8327373F5C}.Ad-Hoc|x86.Deploy.0 = Release|x86
		{D41BAF88-3AB0-4B6E-8EF1-3C8327373F5C}.AppStore|Any CPU.ActiveCfg = Release|x64
		{D41BAF88-3AB0-4B6E-8EF1-3C8327373F5C}.AppStore|Any CPU.Build.0 = Release|x64
		{D41BAF88-3AB0-4B6E-8EF1-3C8327373F5C}.AppStore|Any CPU.Deploy.0 = Release|x64
		{D41BAF88-3AB0-4B6E-8EF1-3C8327373F5C}.AppStore|ARM.ActiveCfg = Release|ARM
		{D41BAF88-3AB0-4B6E-8EF1-3C8327373F5C}.AppStore|ARM.Build.0 = Release|ARM
		{D41BAF88-3AB0-4B6E-8EF1-3C8327373F5C}.AppStore|ARM.Deploy.0 = Release|ARM
		{D41BAF88-3AB0-4B6E-8EF1-3C8327373F5C}.AppStore|iPhone.ActiveCfg = Release|x64
		{D41BAF88-3AB0-4B6E-8EF1-3C8327373F5C}.AppStore|iPhone.Build.0 = Release|x64
		{D41BAF88-3AB0-4B6E-8EF1-3C8327373F5C}.AppStore|iPhone.Deploy.0 = Release|x64
		{D41BAF88-3AB0-4B6E-8EF1-3C8327373F5C}.AppStore|iPhoneSimulator.ActiveCfg = Release|x64
		{D41BAF88-3AB0-4B6E-8EF1-3C8327373F5C}.AppStore|iPhoneSimulator.Build.0 = Release|x64
		{D41BAF88-3AB0-4B6E-8EF1-3C8327373F5C}.AppStore|iPhoneSimulator.Deploy.0 = Release|x64
		{D41BAF88-3AB0-4B6E-8EF1-3C8327373F5C}.AppStore|x64.ActiveCfg = Release|x64
		{D41BAF88-3AB0-4B6E-8EF1-3C8327373F5C}.AppStore|x64.Build.0 = Release|x64
		{D41BAF88-3AB0-4B6E-8EF1-3C8327373F5C}.AppStore|x64.Deploy.0 = Release|x64
		{D41BAF88-3AB0-4B6E-8EF1-3C8327373F5C}.AppStore|x86.ActiveCfg = Release|x86
		{D41BAF88-3AB0-4B6E-8EF1-3C8327373F5C}.AppStore|x86.Build.0 = Release|x86
		{D41BAF88-3AB0-4B6E-8EF1-3C8327373F5C}.AppStore|x86.Deploy.0 = Release|x86
		{D41BAF88-3AB0-4B6E-8EF1-3C8327373F5C}.Debug|Any CPU.ActiveCfg = Debug|x86
		{D41BAF88-3AB0-4B6E-8EF1-3C8327373F5C}.Debug|ARM.ActiveCfg = Debug|ARM
		{D41BAF88-3AB0-4B6E-8EF1-3C8327373F5C}.Debug|ARM.Build.0 = Debug|ARM
		{D41BAF88-3AB0-4B6E-8EF1-3C8327373F5C}.Debug|ARM.Deploy.0 = Debug|ARM
		{D41BAF88-3AB0-4B6E-8EF1-3C8327373F5C}.Debug|iPhone.ActiveCfg = Debug|x86
		{D41BAF88-3AB0-4B6E-8EF1-3C8327373F5C}.Debug|iPhoneSimulator.ActiveCfg = Debug|x86
		{D41BAF88-3AB0-4B6E-8EF1-3C8327373F5C}.Debug|x64.ActiveCfg = Debug|x64
		{D41BAF88-3AB0-4B6E-8EF1-3C8327373F5C}.Debug|x64.Build.0 = Debug|x64
		{D41BAF88-3AB0-4B6E-8EF1-3C8327373F5C}.Debug|x64.Deploy.0 = Debug|x64
		{D41BAF88-3AB0-4B6E-8EF1-3C8327373F5C}.Debug|x86.ActiveCfg = Debug|x86
		{D41BAF88-3AB0-4B6E-8EF1-3C8327373F5C}.Debug|x86.Build.0 = Debug|x86
		{D41BAF88-3AB0-4B6E-8EF1-3C8327373F5C}.Debug|x86.Deploy.0 = Debug|x86
		{D41BAF88-3AB0-4B6E-8EF1-3C8327373F5C}.Release|Any CPU.ActiveCfg = Release|x86
		{D41BAF88-3AB0-4B6E-8EF1-3C8327373F5C}.Release|ARM.ActiveCfg = Release|ARM
		{D41BAF88-3AB0-4B6E-8EF1-3C8327373F5C}.Release|ARM.Build.0 = Release|ARM
		{D41BAF88-3AB0-4B6E-8EF1-3C8327373F5C}.Release|ARM.Deploy.0 = Release|ARM
		{D41BAF88-3AB0-4B6E-8EF1-3C8327373F5C}.Release|iPhone.ActiveCfg = Release|x86
		{D41BAF88-3AB0-4B6E-8EF1-3C8327373F5C}.Release|iPhoneSimulator.ActiveCfg = Release|x86
		{D41BAF88-3AB0-4B6E-8EF1-3C8327373F5C}.Release|x64.ActiveCfg = Release|x64
		{D41BAF88-3AB0-4B6E-8EF1-3C8327373F5C}.Release|x64.Build.0 = Release|x64
		{D41BAF88-3AB0-4B6E-8EF1-3C8327373F5C}.Release|x64.Deploy.0 = Release|x64
		{D41BAF88-3AB0-4B6E-8EF1-3C8327373F5C}.Release|x86.ActiveCfg = Release|x86
		{D41BAF88-3AB0-4B6E-8EF1-3C8327373F5C}.Release|x86.Build.0 = Release|x86
		{D41BAF88-3AB0-4B6E-8EF1-3C8327373F5C}.Release|x86.Deploy.0 = Release|x86
		{A1287FD3-558E-4C19-A1B0-26400077D510}.Ad-Hoc|Any CPU.ActiveCfg = Ad-Hoc|iPhone
		{A1287FD3-558E-4C19-A1B0-26400077D510}.Ad-Hoc|ARM.ActiveCfg = Ad-Hoc|iPhone
		{A1287FD3-558E-4C19-A1B0-26400077D510}.Ad-Hoc|iPhone.ActiveCfg = Ad-Hoc|iPhone
		{A1287FD3-558E-4C19-A1B0-26400077D510}.Ad-Hoc|iPhone.Build.0 = Ad-Hoc|iPhone
		{A1287FD3-558E-4C19-A1B0-26400077D510}.Ad-Hoc|iPhoneSimulator.ActiveCfg = Ad-Hoc|iPhoneSimulator
		{A1287FD3-558E-4C19-A1B0-26400077D510}.Ad-Hoc|iPhoneSimulator.Build.0 = Ad-Hoc|iPhoneSimulator
		{A1287FD3-558E-4C19-A1B0-26400077D510}.Ad-Hoc|x64.ActiveCfg = Ad-Hoc|iPhone
		{A1287FD3-558E-4C19-A1B0-26400077D510}.Ad-Hoc|x86.ActiveCfg = Ad-Hoc|iPhone
		{A1287FD3-558E-4C19-A1B0-26400077D510}.AppStore|Any CPU.ActiveCfg = AppStore|iPhone
		{A1287FD3-558E-4C19-A1B0-26400077D510}.AppStore|ARM.ActiveCfg = AppStore|iPhone
		{A1287FD3-558E-4C19-A1B0-26400077D510}.AppStore|iPhone.ActiveCfg = AppStore|iPhone
		{A1287FD3-558E-4C19-A1B0-26400077D510}.AppStore|iPhone.Build.0 = AppStore|iPhone
		{A1287FD3-558E-4C19-A1B0-26400077D510}.AppStore|iPhoneSimulator.ActiveCfg = AppStore|iPhoneSimulator
		{A1287FD3-558E-4C19-A1B0-26400077D510}.AppStore|iPhoneSimulator.Build.0 = AppStore|iPhoneSimulator
		{A1287FD3-558E-4C19-A1B0-26400077D510}.AppStore|x64.ActiveCfg = AppStore|iPhone
		{A1287FD3-558E-4C19-A1B0-26400077D510}.AppStore|x86.ActiveCfg = AppStore|iPhone
		{A1287FD3-558E-4C19-A1B0-26400077D510}.Debug|Any CPU.ActiveCfg = Debug|iPhone
		{A1287FD3-558E-4C19-A1B0-26400077D510}.Debug|ARM.ActiveCfg = Debug|iPhone
		{A1287FD3-558E-4C19-A1B0-26400077D510}.Debug|iPhone.ActiveCfg = Debug|iPhone
		{A1287FD3-558E-4C19-A1B0-26400077D510}.Debug|iPhone.Build.0 = Debug|iPhone
		{A1287FD3-558E-4C19-A1B0-26400077D510}.Debug|iPhoneSimulator.ActiveCfg = Debug|iPhoneSimulator
		{A1287FD3-558E-4C19-A1B0-26400077D510}.Debug|iPhoneSimulator.Build.0 = Debug|iPhoneSimulator
		{A1287FD3-558E-4C19-A1B0-26400077D510}.Debug|x64.ActiveCfg = Debug|iPhone
		{A1287FD3-558E-4C19-A1B0-26400077D510}.Debug|x86.ActiveCfg = Debug|iPhone
		{A1287FD3-558E-4C19-A1B0-26400077D510}.Release|Any CPU.ActiveCfg = Release|iPhone
		{A1287FD3-558E-4C19-A1B0-26400077D510}.Release|ARM.ActiveCfg = Release|iPhone
		{A1287FD3-558E-4C19-A1B0-26400077D510}.Release|iPhone.ActiveCfg = Release|iPhone
		{A1287FD3-558E-4C19-A1B0-26400077D510}.Release|iPhone.Build.0 = Release|iPhone
		{A1287FD3-558E-4C19-A1B0-26400077D510}.Release|iPhoneSimulator.ActiveCfg = Release|iPhoneSimulator
		{A1287FD3-558E-4C19-A1B0-26400077D510}.Release|iPhoneSimulator.Build.0 = Release|iPhoneSimulator
		{A1287FD3-558E-4C19-A1B0-26400077D510}.Release|x64.ActiveCfg = Release|iPhone
		{A1287FD3-558E-4C19-A1B0-26400077D510}.Release|x86.ActiveCfg = Release|iPhone
		{673367A4-E7B7-4887-9F0A-31E12903279C}.Ad-Hoc|Any CPU.ActiveCfg = Debug|Any CPU
		{673367A4-E7B7-4887-9F0A-31E12903279C}.Ad-Hoc|Any CPU.Build.0 = Debug|Any CPU
		{673367A4-E7B7-4887-9F0A-31E12903279C}.Ad-Hoc|ARM.ActiveCfg = Debug|Any CPU
		{673367A4-E7B7-4887-9F0A-31E12903279C}.Ad-Hoc|ARM.Build.0 = Debug|Any CPU
		{673367A4-E7B7-4887-9F0A-31E12903279C}.Ad-Hoc|iPhone.ActiveCfg = Debug|Any CPU
		{673367A4-E7B7-4887-9F0A-31E12903279C}.Ad-Hoc|iPhone.Build.0 = Debug|Any CPU
		{673367A4-E7B7-4887-9F0A-31E12903279C}.Ad-Hoc|iPhoneSimulator.ActiveCfg = Debug|Any CPU
		{673367A4-E7B7-4887-9F0A-31E12903279C}.Ad-Hoc|iPhoneSimulator.Build.0 = Debug|Any CPU
		{673367A4-E7B7-4887-9F0A-31E12903279C}.Ad-Hoc|x64.ActiveCfg = Debug|Any CPU
		{673367A4-E7B7-4887-9F0A-31E12903279C}.Ad-Hoc|x64.Build.0 = Debug|Any CPU
		{673367A4-E7B7-4887-9F0A-31E12903279C}.Ad-Hoc|x86.ActiveCfg = Debug|Any CPU
		{673367A4-E7B7-4887-9F0A-31E12903279C}.Ad-Hoc|x86.Build.0 = Debug|Any CPU
		{673367A4-E7B7-4887-9F0A-31E12903279C}.AppStore|Any CPU.ActiveCfg = Debug|Any CPU
		{673367A4-E7B7-4887-9F0A-31E12903279C}.AppStore|Any CPU.Build.0 = Debug|Any CPU
		{673367A4-E7B7-4887-9F0A-31E12903279C}.AppStore|ARM.ActiveCfg = Debug|Any CPU
		{673367A4-E7B7-4887-9F0A-31E12903279C}.AppStore|ARM.Build.0 = Debug|Any CPU
		{673367A4-E7B7-4887-9F0A-31E12903279C}.AppStore|iPhone.ActiveCfg = Debug|Any CPU
		{673367A4-E7B7-4887-9F0A-31E12903279C}.AppStore|iPhone.Build.0 = Debug|Any CPU
		{673367A4-E7B7-4887-9F0A-31E12903279C}.AppStore|iPhoneSimulator.ActiveCfg = Debug|Any CPU
		{673367A4-E7B7-4887-9F0A-31E12903279C}.AppStore|iPhoneSimulator.Build.0 = Debug|Any CPU
		{673367A4-E7B7-4887-9F0A-31E12903279C}.AppStore|x64.ActiveCfg = Debug|Any CPU
		{673367A4-E7B7-4887-9F0A-31E12903279C}.AppStore|x64.Build.0 = Debug|Any CPU
		{673367A4-E7B7-4887-9F0A-31E12903279C}.AppStore|x86.ActiveCfg = Debug|Any CPU
		{673367A4-E7B7-4887-9F0A-31E12903279C}.AppStore|x86.Build.0 = Debug|Any CPU
		{673367A4-E7B7-4887-9F0A-31E12903279C}.Debug|Any CPU.ActiveCfg = Debug|Any CPU
		{673367A4-E7B7-4887-9F0A-31E12903279C}.Debug|Any CPU.Build.0 = Debug|Any CPU
		{673367A4-E7B7-4887-9F0A-31E12903279C}.Debug|ARM.ActiveCfg = Debug|Any CPU
		{673367A4-E7B7-4887-9F0A-31E12903279C}.Debug|ARM.Build.0 = Debug|Any CPU
		{673367A4-E7B7-4887-9F0A-31E12903279C}.Debug|iPhone.ActiveCfg = Debug|Any CPU
		{673367A4-E7B7-4887-9F0A-31E12903279C}.Debug|iPhone.Build.0 = Debug|Any CPU
		{673367A4-E7B7-4887-9F0A-31E12903279C}.Debug|iPhoneSimulator.ActiveCfg = Debug|Any CPU
		{673367A4-E7B7-4887-9F0A-31E12903279C}.Debug|iPhoneSimulator.Build.0 = Debug|Any CPU
		{673367A4-E7B7-4887-9F0A-31E12903279C}.Debug|x64.ActiveCfg = Debug|Any CPU
		{673367A4-E7B7-4887-9F0A-31E12903279C}.Debug|x64.Build.0 = Debug|Any CPU
		{673367A4-E7B7-4887-9F0A-31E12903279C}.Debug|x86.ActiveCfg = Debug|Any CPU
		{673367A4-E7B7-4887-9F0A-31E12903279C}.Debug|x86.Build.0 = Debug|Any CPU
		{673367A4-E7B7-4887-9F0A-31E12903279C}.Release|Any CPU.ActiveCfg = Release|Any CPU
		{673367A4-E7B7-4887-9F0A-31E12903279C}.Release|Any CPU.Build.0 = Release|Any CPU
		{673367A4-E7B7-4887-9F0A-31E12903279C}.Release|ARM.ActiveCfg = Release|Any CPU
		{673367A4-E7B7-4887-9F0A-31E12903279C}.Release|ARM.Build.0 = Release|Any CPU
		{673367A4-E7B7-4887-9F0A-31E12903279C}.Release|iPhone.ActiveCfg = Release|Any CPU
		{673367A4-E7B7-4887-9F0A-31E12903279C}.Release|iPhone.Build.0 = Release|Any CPU
		{673367A4-E7B7-4887-9F0A-31E12903279C}.Release|iPhoneSimulator.ActiveCfg = Release|Any CPU
		{673367A4-E7B7-4887-9F0A-31E12903279C}.Release|iPhoneSimulator.Build.0 = Release|Any CPU
		{673367A4-E7B7-4887-9F0A-31E12903279C}.Release|x64.ActiveCfg = Release|Any CPU
		{673367A4-E7B7-4887-9F0A-31E12903279C}.Release|x64.Build.0 = Release|Any CPU
		{673367A4-E7B7-4887-9F0A-31E12903279C}.Release|x86.ActiveCfg = Release|Any CPU
		{673367A4-E7B7-4887-9F0A-31E12903279C}.Release|x86.Build.0 = Release|Any CPU
	EndGlobalSection
	GlobalSection(SolutionProperties) = preSolution
		HideSolutionNode = FALSE
	EndGlobalSection
	GlobalSection(NestedProjects) = preSolution
		{209FA716-A7AD-4095-BD70-C8710FC66FA7} = {7B6CE4F9-C05F-4542-A02E-9967A8D48BC7}
		{673367A4-E7B7-4887-9F0A-31E12903279C} = {C5231D31-DD3A-4609-B9C8-8C8DDEB13E2C}
	EndGlobalSection
	GlobalSection(ExtensibilityGlobals) = postSolution
		SolutionGuid = {43C25785-8FBC-4D59-AA88-B969CC40829B}
	EndGlobalSection
EndGlobal
