
Microsoft Visual Studio Solution File, Format Version 12.00
# Visual Studio 14
VisualStudioVersion = 14.0.25420.1
MinimumVisualStudioVersion = 10.0.40219.1
Project("{FAE04EC0-301F-11D3-BF4B-00C04F79EFBC}") = "Yoga", "Yoga\Yoga.csproj", "{95CA6B8D-79AA-40E0-BAC4-7EC2AF3E31AA}"
EndProject
Project("{FAE04EC0-301F-11D3-BF4B-00C04F79EFBC}") = "HeartRateDevice", "HeartRateDevice\HeartRateDevice.csproj", "{9A3645F1-EF9C-4854-AF14-22C461B23484}"
EndProject
Global
	GlobalSection(SolutionConfigurationPlatforms) = preSolution
		Debug|ARM = Debug|ARM
		Debug|x64 = Debug|x64
		Debug|x86 = Debug|x86
		Release|ARM = Release|ARM
		Release|x64 = Release|x64
		Release|x86 = Release|x86
	EndGlobalSection
	GlobalSection(ProjectConfigurationPlatforms) = postSolution
		{95CA6B8D-79AA-40E0-BAC4-7EC2AF3E31AA}.Debug|ARM.ActiveCfg = Debug|ARM
		{95CA6B8D-79AA-40E0-BAC4-7EC2AF3E31AA}.Debug|ARM.Build.0 = Debug|ARM
		{95CA6B8D-79AA-40E0-BAC4-7EC2AF3E31AA}.Debug|ARM.Deploy.0 = Debug|ARM
		{95CA6B8D-79AA-40E0-BAC4-7EC2AF3E31AA}.Debug|x64.ActiveCfg = Debug|x64
		{95CA6B8D-79AA-40E0-BAC4-7EC2AF3E31AA}.Debug|x64.Build.0 = Debug|x64
		{95CA6B8D-79AA-40E0-BAC4-7EC2AF3E31AA}.Debug|x64.Deploy.0 = Debug|x64
		{95CA6B8D-79AA-40E0-BAC4-7EC2AF3E31AA}.Debug|x86.ActiveCfg = Debug|x86
		{95CA6B8D-79AA-40E0-BAC4-7EC2AF3E31AA}.Debug|x86.Build.0 = Debug|x86
		{95CA6B8D-79AA-40E0-BAC4-7EC2AF3E31AA}.Debug|x86.Deploy.0 = Debug|x86
		{95CA6B8D-79AA-40E0-BAC4-7EC2AF3E31AA}.Release|ARM.ActiveCfg = Release|ARM
		{95CA6B8D-79AA-40E0-BAC4-7EC2AF3E31AA}.Release|ARM.Build.0 = Release|ARM
		{95CA6B8D-79AA-40E0-BAC4-7EC2AF3E31AA}.Release|ARM.Deploy.0 = Release|ARM
		{95CA6B8D-79AA-40E0-BAC4-7EC2AF3E31AA}.Release|x64.ActiveCfg = Release|x64
		{95CA6B8D-79AA-40E0-BAC4-7EC2AF3E31AA}.Release|x64.Build.0 = Release|x64
		{95CA6B8D-79AA-40E0-BAC4-7EC2AF3E31AA}.Release|x64.Deploy.0 = Release|x64
		{95CA6B8D-79AA-40E0-BAC4-7EC2AF3E31AA}.Release|x86.ActiveCfg = Release|x86
		{95CA6B8D-79AA-40E0-BAC4-7EC2AF3E31AA}.Release|x86.Build.0 = Release|x86
		{95CA6B8D-79AA-40E0-BAC4-7EC2AF3E31AA}.Release|x86.Deploy.0 = Release|x86
		{9A3645F1-EF9C-4854-AF14-22C461B23484}.Debug|ARM.ActiveCfg = Debug|ARM
		{9A3645F1-EF9C-4854-AF14-22C461B23484}.Debug|ARM.Build.0 = Debug|ARM
		{9A3645F1-EF9C-4854-AF14-22C461B23484}.Debug|ARM.Deploy.0 = Debug|ARM
		{9A3645F1-EF9C-4854-AF14-22C461B23484}.Debug|x64.ActiveCfg = Debug|x64
		{9A3645F1-EF9C-4854-AF14-22C461B23484}.Debug|x64.Build.0 = Debug|x64
		{9A3645F1-EF9C-4854-AF14-22C461B23484}.Debug|x64.Deploy.0 = Debug|x64
		{9A3645F1-EF9C-4854-AF14-22C461B23484}.Debug|x86.ActiveCfg = Debug|x86
		{9A3645F1-EF9C-4854-AF14-22C461B23484}.Debug|x86.Build.0 = Debug|x86
		{9A3645F1-EF9C-4854-AF14-22C461B23484}.Debug|x86.Deploy.0 = Debug|x86
		{9A3645F1-EF9C-4854-AF14-22C461B23484}.Release|ARM.ActiveCfg = Release|ARM
		{9A3645F1-EF9C-4854-AF14-22C461B23484}.Release|ARM.Build.0 = Release|ARM
		{9A3645F1-EF9C-4854-AF14-22C461B23484}.Release|ARM.Deploy.0 = Release|ARM
		{9A3645F1-EF9C-4854-AF14-22C461B23484}.Release|x64.ActiveCfg = Release|x64
		{9A3645F1-EF9C-4854-AF14-22C461B23484}.Release|x64.Build.0 = Release|x64
		{9A3645F1-EF9C-4854-AF14-22C461B23484}.Release|x64.Deploy.0 = Release|x64
		{9A3645F1-EF9C-4854-AF14-22C461B23484}.Release|x86.ActiveCfg = Release|x86
		{9A3645F1-EF9C-4854-AF14-22C461B23484}.Release|x86.Build.0 = Release|x86
		{9A3645F1-EF9C-4854-AF14-22C461B23484}.Release|x86.Deploy.0 = Release|x86
	EndGlobalSection
	GlobalSection(SolutionProperties) = preSolution
		HideSolutionNode = FALSE
	EndGlobalSection
EndGlobal
