
Microsoft Visual Studio Solution File, Format Version 12.00
# Visual Studio 2015
Project("{FAE04EC0-301F-11D3-BF4B-00C04F79EFBC}") = "Atmosphere.CSharp.Plugins", "Atmosphere.CSharp.Plugins.csproj", "{D72729E7-EC7D-1E52-DB55-B1E101FF140F}"
EndProject
Project("{FAE04EC0-301F-11D3-BF4B-00C04F79EFBC}") = "Atmosphere.CSharp", "Atmosphere.CSharp.csproj", "{3C626379-5787-8949-6909-AD8139941F7E}"
EndProject
Global
	GlobalSection(SolutionConfigurationPlatforms) = preSolution
		Debug|Any CPU = Debug|Any CPU
		Release|Any CPU = Release|Any CPU
	EndGlobalSection
	GlobalSection(ProjectConfigurationPlatforms) = postSolution
		{D72729E7-EC7D-1E52-DB55-B1E101FF140F}.Debug|Any CPU.ActiveCfg = Debug|Any CPU
		{D72729E7-EC7D-1E52-DB55-B1E101FF140F}.Debug|Any CPU.Build.0 = Debug|Any CPU
		{D72729E7-EC7D-1E52-DB55-B1E101FF140F}.Release|Any CPU.ActiveCfg = Release|Any CPU
		{D72729E7-EC7D-1E52-DB55-B1E101FF140F}.Release|Any CPU.Build.0 = Release|Any CPU
		{3C626379-5787-8949-6909-AD8139941F7E}.Debug|Any CPU.ActiveCfg = Debug|Any CPU
		{3C626379-5787-8949-6909-AD8139941F7E}.Debug|Any CPU.Build.0 = Debug|Any CPU
		{3C626379-5787-8949-6909-AD8139941F7E}.Release|Any CPU.ActiveCfg = Release|Any CPU
		{3C626379-5787-8949-6909-AD8139941F7E}.Release|Any CPU.Build.0 = Release|Any CPU
	EndGlobalSection
	GlobalSection(SolutionProperties) = preSolution
		HideSolutionNode = FALSE
	EndGlobalSection
EndGlobal
